// !$*UTF8*$!
{
	archiveVersion = 1;
	classes = {
	};
	objectVersion = 46;
	objects = {

/* Begin PBXBuildFile section */
		2A2AD9F41C3D637F0053B02F /* SplitsSequeViewController.swift in Sources */ = {isa = PBXBuildFile; fileRef = 2A2AD9F31C3D637F0053B02F /* SplitsSequeViewController.swift */; };
		2A749F101C318E60001F8C13 /* ConfigSegueViewController.swift in Sources */ = {isa = PBXBuildFile; fileRef = 2A749F0F1C318E60001F8C13 /* ConfigSegueViewController.swift */; };
		2AA2C0A21CAC67880060112C /* btPulseMileage.swift in Sources */ = {isa = PBXBuildFile; fileRef = 2AA2C0A11CAC67880060112C /* btPulseMileage.swift */; };
		2AB263011C472B5D00CDCEC1 /* CloudKit.framework in Frameworks */ = {isa = PBXBuildFile; fileRef = 2AB263001C472B5D00CDCEC1 /* CloudKit.framework */; };
		2AC4D2221C2F1DF400B2D76B /* AppDelegate.swift in Sources */ = {isa = PBXBuildFile; fileRef = 2AC4D2211C2F1DF400B2D76B /* AppDelegate.swift */; };
		2AC4D2241C2F1DF400B2D76B /* ViewController.swift in Sources */ = {isa = PBXBuildFile; fileRef = 2AC4D2231C2F1DF400B2D76B /* ViewController.swift */; };
		2AC4D2271C2F1DF400B2D76B /* Main.storyboard in Resources */ = {isa = PBXBuildFile; fileRef = 2AC4D2251C2F1DF400B2D76B /* Main.storyboard */; };
		2AC4D22A1C2F1DF400B2D76B /* CZRallyOdoComputer.xcdatamodeld in Sources */ = {isa = PBXBuildFile; fileRef = 2AC4D2281C2F1DF400B2D76B /* CZRallyOdoComputer.xcdatamodeld */; };
		2AC4D22C1C2F1DF400B2D76B /* Assets.xcassets in Resources */ = {isa = PBXBuildFile; fileRef = 2AC4D22B1C2F1DF400B2D76B /* Assets.xcassets */; };
		2AC4D22F1C2F1DF400B2D76B /* LaunchScreen.storyboard in Resources */ = {isa = PBXBuildFile; fileRef = 2AC4D22D1C2F1DF400B2D76B /* LaunchScreen.storyboard */; };
		2AC4D23A1C2F1DF400B2D76B /* CZRallyOdoComputerTests.swift in Sources */ = {isa = PBXBuildFile; fileRef = 2AC4D2391C2F1DF400B2D76B /* CZRallyOdoComputerTests.swift */; };
		2AC4D2451C2F1DF400B2D76B /* CZRallyOdoComputerUITests.swift in Sources */ = {isa = PBXBuildFile; fileRef = 2AC4D2441C2F1DF400B2D76B /* CZRallyOdoComputerUITests.swift */; };
		2AC4D2531C2F2D1D00B2D76B /* czsegueViewController.swift in Sources */ = {isa = PBXBuildFile; fileRef = 2AC4D2521C2F2D1D00B2D76B /* czsegueViewController.swift */; };
		2AC4D2551C2F392200B2D76B /* CoreLocationController.swift in Sources */ = {isa = PBXBuildFile; fileRef = 2AC4D2541C2F392200B2D76B /* CoreLocationController.swift */; };
/* End PBXBuildFile section */

/* Begin PBXContainerItemProxy section */
		2AC4D2361C2F1DF400B2D76B /* PBXContainerItemProxy */ = {
			isa = PBXContainerItemProxy;
			containerPortal = 2AC4D2161C2F1DF400B2D76B /* Project object */;
			proxyType = 1;
			remoteGlobalIDString = 2AC4D21D1C2F1DF400B2D76B;
			remoteInfo = CZRallyOdoComputer;
		};
		2AC4D2411C2F1DF400B2D76B /* PBXContainerItemProxy */ = {
			isa = PBXContainerItemProxy;
			containerPortal = 2AC4D2161C2F1DF400B2D76B /* Project object */;
			proxyType = 1;
			remoteGlobalIDString = 2AC4D21D1C2F1DF400B2D76B;
			remoteInfo = CZRallyOdoComputer;
		};
/* End PBXContainerItemProxy section */

/* Begin PBXFileReference section */
		2A2AD9F31C3D637F0053B02F /* SplitsSequeViewController.swift */ = {isa = PBXFileReference; fileEncoding = 4; lastKnownFileType = sourcecode.swift; path = SplitsSequeViewController.swift; sourceTree = "<group>"; };
		2A6EEAE81C835DD2006AAE0E /* CZRallyOdoComputer copy-Info.plist */ = {isa = PBXFileReference; lastKnownFileType = text.plist.xml; name = "CZRallyOdoComputer copy-Info.plist"; path = "/Users/clarencewestberg/xcode_projects/CZRallyOdoComputer/CZRallyOdoComputer copy-Info.plist"; sourceTree = "<absolute>"; };
		2A749F0F1C318E60001F8C13 /* ConfigSegueViewController.swift */ = {isa = PBXFileReference; fileEncoding = 4; lastKnownFileType = sourcecode.swift; path = ConfigSegueViewController.swift; sourceTree = "<group>"; };
		2AA2C0A11CAC67880060112C /* btPulseMileage.swift */ = {isa = PBXFileReference; fileEncoding = 4; lastKnownFileType = sourcecode.swift; path = btPulseMileage.swift; sourceTree = "<group>"; };
		2AB262FF1C472B3E00CDCEC1 /* CZRallyOdoComputer.entitlements */ = {isa = PBXFileReference; lastKnownFileType = text.xml; path = CZRallyOdoComputer.entitlements; sourceTree = "<group>"; };
		2AB263001C472B5D00CDCEC1 /* CloudKit.framework */ = {isa = PBXFileReference; lastKnownFileType = wrapper.framework; name = CloudKit.framework; path = System/Library/Frameworks/CloudKit.framework; sourceTree = SDKROOT; };
		2AC4D21E1C2F1DF400B2D76B /* CZRallyOdoComputer.app */ = {isa = PBXFileReference; explicitFileType = wrapper.application; includeInIndex = 0; path = CZRallyOdoComputer.app; sourceTree = BUILT_PRODUCTS_DIR; };
		2AC4D2211C2F1DF400B2D76B /* AppDelegate.swift */ = {isa = PBXFileReference; lastKnownFileType = sourcecode.swift; path = AppDelegate.swift; sourceTree = "<group>"; };
		2AC4D2231C2F1DF400B2D76B /* ViewController.swift */ = {isa = PBXFileReference; lastKnownFileType = sourcecode.swift; path = ViewController.swift; sourceTree = "<group>"; };
		2AC4D2261C2F1DF400B2D76B /* Base */ = {isa = PBXFileReference; lastKnownFileType = file.storyboard; name = Base; path = Base.lproj/Main.storyboard; sourceTree = "<group>"; };
		2AC4D2291C2F1DF400B2D76B /* CZRallyOdoComputer.xcdatamodel */ = {isa = PBXFileReference; lastKnownFileType = wrapper.xcdatamodel; path = CZRallyOdoComputer.xcdatamodel; sourceTree = "<group>"; };
		2AC4D22B1C2F1DF400B2D76B /* Assets.xcassets */ = {isa = PBXFileReference; lastKnownFileType = folder.assetcatalog; path = Assets.xcassets; sourceTree = "<group>"; };
		2AC4D22E1C2F1DF400B2D76B /* Base */ = {isa = PBXFileReference; lastKnownFileType = file.storyboard; name = Base; path = Base.lproj/LaunchScreen.storyboard; sourceTree = "<group>"; };
		2AC4D2301C2F1DF400B2D76B /* Info.plist */ = {isa = PBXFileReference; lastKnownFileType = text.plist.xml; path = Info.plist; sourceTree = "<group>"; };
		2AC4D2351C2F1DF400B2D76B /* CZRallyOdoComputerTests.xctest */ = {isa = PBXFileReference; explicitFileType = wrapper.cfbundle; includeInIndex = 0; path = CZRallyOdoComputerTests.xctest; sourceTree = BUILT_PRODUCTS_DIR; };
		2AC4D2391C2F1DF400B2D76B /* CZRallyOdoComputerTests.swift */ = {isa = PBXFileReference; lastKnownFileType = sourcecode.swift; path = CZRallyOdoComputerTests.swift; sourceTree = "<group>"; };
		2AC4D23B1C2F1DF400B2D76B /* Info.plist */ = {isa = PBXFileReference; lastKnownFileType = text.plist.xml; path = Info.plist; sourceTree = "<group>"; };
		2AC4D2401C2F1DF400B2D76B /* CZRallyOdoComputerUITests.xctest */ = {isa = PBXFileReference; explicitFileType = wrapper.cfbundle; includeInIndex = 0; path = CZRallyOdoComputerUITests.xctest; sourceTree = BUILT_PRODUCTS_DIR; };
		2AC4D2441C2F1DF400B2D76B /* CZRallyOdoComputerUITests.swift */ = {isa = PBXFileReference; lastKnownFileType = sourcecode.swift; path = CZRallyOdoComputerUITests.swift; sourceTree = "<group>"; };
		2AC4D2461C2F1DF400B2D76B /* Info.plist */ = {isa = PBXFileReference; lastKnownFileType = text.plist.xml; path = Info.plist; sourceTree = "<group>"; };
		2AC4D2521C2F2D1D00B2D76B /* czsegueViewController.swift */ = {isa = PBXFileReference; fileEncoding = 4; lastKnownFileType = sourcecode.swift; path = czsegueViewController.swift; sourceTree = "<group>"; };
		2AC4D2541C2F392200B2D76B /* CoreLocationController.swift */ = {isa = PBXFileReference; fileEncoding = 4; lastKnownFileType = sourcecode.swift; path = CoreLocationController.swift; sourceTree = "<group>"; };
/* End PBXFileReference section */

/* Begin PBXFrameworksBuildPhase section */
		2AC4D21B1C2F1DF400B2D76B /* Frameworks */ = {
			isa = PBXFrameworksBuildPhase;
			buildActionMask = 2147483647;
			files = (
				2AB263011C472B5D00CDCEC1 /* CloudKit.framework in Frameworks */,
			);
			runOnlyForDeploymentPostprocessing = 0;
		};
		2AC4D2321C2F1DF400B2D76B /* Frameworks */ = {
			isa = PBXFrameworksBuildPhase;
			buildActionMask = 2147483647;
			files = (
			);
			runOnlyForDeploymentPostprocessing = 0;
		};
		2AC4D23D1C2F1DF400B2D76B /* Frameworks */ = {
			isa = PBXFrameworksBuildPhase;
			buildActionMask = 2147483647;
			files = (
			);
			runOnlyForDeploymentPostprocessing = 0;
		};
/* End PBXFrameworksBuildPhase section */

/* Begin PBXGroup section */
		2AC4D2151C2F1DF400B2D76B = {
			isa = PBXGroup;
			children = (
				2AB263001C472B5D00CDCEC1 /* CloudKit.framework */,
				2AC4D2201C2F1DF400B2D76B /* CZRallyOdoComputer */,
				2AC4D2381C2F1DF400B2D76B /* CZRallyOdoComputerTests */,
				2AC4D2431C2F1DF400B2D76B /* CZRallyOdoComputerUITests */,
				2AC4D21F1C2F1DF400B2D76B /* Products */,
				2A6EEAE81C835DD2006AAE0E /* CZRallyOdoComputer copy-Info.plist */,
			);
			sourceTree = "<group>";
		};
		2AC4D21F1C2F1DF400B2D76B /* Products */ = {
			isa = PBXGroup;
			children = (
				2AC4D21E1C2F1DF400B2D76B /* CZRallyOdoComputer.app */,
				2AC4D2351C2F1DF400B2D76B /* CZRallyOdoComputerTests.xctest */,
				2AC4D2401C2F1DF400B2D76B /* CZRallyOdoComputerUITests.xctest */,
			);
			name = Products;
			sourceTree = "<group>";
		};
		2AC4D2201C2F1DF400B2D76B /* CZRallyOdoComputer */ = {
			isa = PBXGroup;
			children = (
				2AB262FF1C472B3E00CDCEC1 /* CZRallyOdoComputer.entitlements */,
				2AC4D2211C2F1DF400B2D76B /* AppDelegate.swift */,
				2AC4D2231C2F1DF400B2D76B /* ViewController.swift */,
				2AA2C0A11CAC67880060112C /* btPulseMileage.swift */,
				2AC4D2541C2F392200B2D76B /* CoreLocationController.swift */,
				2AC4D2521C2F2D1D00B2D76B /* czsegueViewController.swift */,
				2A2AD9F31C3D637F0053B02F /* SplitsSequeViewController.swift */,
				2A749F0F1C318E60001F8C13 /* ConfigSegueViewController.swift */,
				2AC4D2251C2F1DF400B2D76B /* Main.storyboard */,
				2AC4D22B1C2F1DF400B2D76B /* Assets.xcassets */,
				2AC4D22D1C2F1DF400B2D76B /* LaunchScreen.storyboard */,
				2AC4D2301C2F1DF400B2D76B /* Info.plist */,
				2AC4D2281C2F1DF400B2D76B /* CZRallyOdoComputer.xcdatamodeld */,
			);
			path = CZRallyOdoComputer;
			sourceTree = "<group>";
		};
		2AC4D2381C2F1DF400B2D76B /* CZRallyOdoComputerTests */ = {
			isa = PBXGroup;
			children = (
				2AC4D2391C2F1DF400B2D76B /* CZRallyOdoComputerTests.swift */,
				2AC4D23B1C2F1DF400B2D76B /* Info.plist */,
			);
			path = CZRallyOdoComputerTests;
			sourceTree = "<group>";
		};
		2AC4D2431C2F1DF400B2D76B /* CZRallyOdoComputerUITests */ = {
			isa = PBXGroup;
			children = (
				2AC4D2441C2F1DF400B2D76B /* CZRallyOdoComputerUITests.swift */,
				2AC4D2461C2F1DF400B2D76B /* Info.plist */,
			);
			path = CZRallyOdoComputerUITests;
			sourceTree = "<group>";
		};
/* End PBXGroup section */

/* Begin PBXNativeTarget section */
		2AC4D21D1C2F1DF400B2D76B /* CZRallyOdoComputer */ = {
			isa = PBXNativeTarget;
			buildConfigurationList = 2AC4D2491C2F1DF400B2D76B /* Build configuration list for PBXNativeTarget "CZRallyOdoComputer" */;
			buildPhases = (
				2AC4D21A1C2F1DF400B2D76B /* Sources */,
				2AC4D21B1C2F1DF400B2D76B /* Frameworks */,
				2AC4D21C1C2F1DF400B2D76B /* Resources */,
			);
			buildRules = (
			);
			dependencies = (
			);
			name = CZRallyOdoComputer;
			productName = CZRallyOdoComputer;
			productReference = 2AC4D21E1C2F1DF400B2D76B /* CZRallyOdoComputer.app */;
			productType = "com.apple.product-type.application";
		};
		2AC4D2341C2F1DF400B2D76B /* CZRallyOdoComputerTests */ = {
			isa = PBXNativeTarget;
			buildConfigurationList = 2AC4D24C1C2F1DF400B2D76B /* Build configuration list for PBXNativeTarget "CZRallyOdoComputerTests" */;
			buildPhases = (
				2AC4D2311C2F1DF400B2D76B /* Sources */,
				2AC4D2321C2F1DF400B2D76B /* Frameworks */,
				2AC4D2331C2F1DF400B2D76B /* Resources */,
			);
			buildRules = (
			);
			dependencies = (
				2AC4D2371C2F1DF400B2D76B /* PBXTargetDependency */,
			);
			name = CZRallyOdoComputerTests;
			productName = CZRallyOdoComputerTests;
			productReference = 2AC4D2351C2F1DF400B2D76B /* CZRallyOdoComputerTests.xctest */;
			productType = "com.apple.product-type.bundle.unit-test";
		};
		2AC4D23F1C2F1DF400B2D76B /* CZRallyOdoComputerUITests */ = {
			isa = PBXNativeTarget;
			buildConfigurationList = 2AC4D24F1C2F1DF400B2D76B /* Build configuration list for PBXNativeTarget "CZRallyOdoComputerUITests" */;
			buildPhases = (
				2AC4D23C1C2F1DF400B2D76B /* Sources */,
				2AC4D23D1C2F1DF400B2D76B /* Frameworks */,
				2AC4D23E1C2F1DF400B2D76B /* Resources */,
			);
			buildRules = (
			);
			dependencies = (
				2AC4D2421C2F1DF400B2D76B /* PBXTargetDependency */,
			);
			name = CZRallyOdoComputerUITests;
			productName = CZRallyOdoComputerUITests;
			productReference = 2AC4D2401C2F1DF400B2D76B /* CZRallyOdoComputerUITests.xctest */;
			productType = "com.apple.product-type.bundle.ui-testing";
		};
/* End PBXNativeTarget section */

/* Begin PBXProject section */
		2AC4D2161C2F1DF400B2D76B /* Project object */ = {
			isa = PBXProject;
			attributes = {
				LastSwiftUpdateCheck = 0720;
				LastUpgradeCheck = 0720;
				ORGANIZATIONNAME = "Clarence Westberg";
				TargetAttributes = {
					2AC4D21D1C2F1DF400B2D76B = {
						CreatedOnToolsVersion = 7.2;
						DevelopmentTeam = 4G4CBR5P5C;
						SystemCapabilities = {
							com.apple.BackgroundModes = {
								enabled = 1;
							};
							com.apple.iCloud = {
								enabled = 1;
							};
						};
					};
					2AC4D2341C2F1DF400B2D76B = {
						CreatedOnToolsVersion = 7.2;
						TestTargetID = 2AC4D21D1C2F1DF400B2D76B;
					};
					2AC4D23F1C2F1DF400B2D76B = {
						CreatedOnToolsVersion = 7.2;
						TestTargetID = 2AC4D21D1C2F1DF400B2D76B;
					};
				};
			};
			buildConfigurationList = 2AC4D2191C2F1DF400B2D76B /* Build configuration list for PBXProject "CZRallyOdoComputer" */;
			compatibilityVersion = "Xcode 3.2";
			developmentRegion = English;
			hasScannedForEncodings = 0;
			knownRegions = (
				en,
				Base,
			);
			mainGroup = 2AC4D2151C2F1DF400B2D76B;
			productRefGroup = 2AC4D21F1C2F1DF400B2D76B /* Products */;
			projectDirPath = "";
			projectRoot = "";
			targets = (
				2AC4D21D1C2F1DF400B2D76B /* CZRallyOdoComputer */,
				2AC4D2341C2F1DF400B2D76B /* CZRallyOdoComputerTests */,
				2AC4D23F1C2F1DF400B2D76B /* CZRallyOdoComputerUITests */,
			);
		};
/* End PBXProject section */

/* Begin PBXResourcesBuildPhase section */
		2AC4D21C1C2F1DF400B2D76B /* Resources */ = {
			isa = PBXResourcesBuildPhase;
			buildActionMask = 2147483647;
			files = (
				2AC4D22F1C2F1DF400B2D76B /* LaunchScreen.storyboard in Resources */,
				2AC4D22C1C2F1DF400B2D76B /* Assets.xcassets in Resources */,
				2AC4D2271C2F1DF400B2D76B /* Main.storyboard in Resources */,
			);
			runOnlyForDeploymentPostprocessing = 0;
		};
		2AC4D2331C2F1DF400B2D76B /* Resources */ = {
			isa = PBXResourcesBuildPhase;
			buildActionMask = 2147483647;
			files = (
			);
			runOnlyForDeploymentPostprocessing = 0;
		};
		2AC4D23E1C2F1DF400B2D76B /* Resources */ = {
			isa = PBXResourcesBuildPhase;
			buildActionMask = 2147483647;
			files = (
			);
			runOnlyForDeploymentPostprocessing = 0;
		};
/* End PBXResourcesBuildPhase section */

/* Begin PBXSourcesBuildPhase section */
		2AC4D21A1C2F1DF400B2D76B /* Sources */ = {
			isa = PBXSourcesBuildPhase;
			buildActionMask = 2147483647;
			files = (
				2AC4D2241C2F1DF400B2D76B /* ViewController.swift in Sources */,
				2AC4D22A1C2F1DF400B2D76B /* CZRallyOdoComputer.xcdatamodeld in Sources */,
				2AA2C0A21CAC67880060112C /* btPulseMileage.swift in Sources */,
				2AC4D2221C2F1DF400B2D76B /* AppDelegate.swift in Sources */,
				2AC4D2551C2F392200B2D76B /* CoreLocationController.swift in Sources */,
				2A2AD9F41C3D637F0053B02F /* SplitsSequeViewController.swift in Sources */,
				2A749F101C318E60001F8C13 /* ConfigSegueViewController.swift in Sources */,
				2AC4D2531C2F2D1D00B2D76B /* czsegueViewController.swift in Sources */,
			);
			runOnlyForDeploymentPostprocessing = 0;
		};
		2AC4D2311C2F1DF400B2D76B /* Sources */ = {
			isa = PBXSourcesBuildPhase;
			buildActionMask = 2147483647;
			files = (
				2AC4D23A1C2F1DF400B2D76B /* CZRallyOdoComputerTests.swift in Sources */,
			);
			runOnlyForDeploymentPostprocessing = 0;
		};
		2AC4D23C1C2F1DF400B2D76B /* Sources */ = {
			isa = PBXSourcesBuildPhase;
			buildActionMask = 2147483647;
			files = (
				2AC4D2451C2F1DF400B2D76B /* CZRallyOdoComputerUITests.swift in Sources */,
			);
			runOnlyForDeploymentPostprocessing = 0;
		};
/* End PBXSourcesBuildPhase section */

/* Begin PBXTargetDependency section */
		2AC4D2371C2F1DF400B2D76B /* PBXTargetDependency */ = {
			isa = PBXTargetDependency;
			target = 2AC4D21D1C2F1DF400B2D76B /* CZRallyOdoComputer */;
			targetProxy = 2AC4D2361C2F1DF400B2D76B /* PBXContainerItemProxy */;
		};
		2AC4D2421C2F1DF400B2D76B /* PBXTargetDependency */ = {
			isa = PBXTargetDependency;
			target = 2AC4D21D1C2F1DF400B2D76B /* CZRallyOdoComputer */;
			targetProxy = 2AC4D2411C2F1DF400B2D76B /* PBXContainerItemProxy */;
		};
/* End PBXTargetDependency section */

/* Begin PBXVariantGroup section */
		2AC4D2251C2F1DF400B2D76B /* Main.storyboard */ = {
			isa = PBXVariantGroup;
			children = (
				2AC4D2261C2F1DF400B2D76B /* Base */,
			);
			name = Main.storyboard;
			sourceTree = "<group>";
		};
		2AC4D22D1C2F1DF400B2D76B /* LaunchScreen.storyboard */ = {
			isa = PBXVariantGroup;
			children = (
				2AC4D22E1C2F1DF400B2D76B /* Base */,
			);
			name = LaunchScreen.storyboard;
			sourceTree = "<group>";
		};
/* End PBXVariantGroup section */

/* Begin XCBuildConfiguration section */
		2AC4D2471C2F1DF400B2D76B /* Debug */ = {
			isa = XCBuildConfiguration;
			buildSettings = {
				ALWAYS_SEARCH_USER_PATHS = NO;
				CLANG_CXX_LANGUAGE_STANDARD = "gnu++0x";
				CLANG_CXX_LIBRARY = "libc++";
				CLANG_ENABLE_MODULES = YES;
				CLANG_ENABLE_OBJC_ARC = YES;
				CLANG_WARN_BOOL_CONVERSION = YES;
				CLANG_WARN_CONSTANT_CONVERSION = YES;
				CLANG_WARN_DIRECT_OBJC_ISA_USAGE = YES_ERROR;
				CLANG_WARN_EMPTY_BODY = YES;
				CLANG_WARN_ENUM_CONVERSION = YES;
				CLANG_WARN_INT_CONVERSION = YES;
				CLANG_WARN_OBJC_ROOT_CLASS = YES_ERROR;
				CLANG_WARN_UNREACHABLE_CODE = YES;
				CLANG_WARN__DUPLICATE_METHOD_MATCH = YES;
				"CODE_SIGN_IDENTITY[sdk=iphoneos*]" = "iPhone Developer";
				COPY_PHASE_STRIP = NO;
				DEBUG_INFORMATION_FORMAT = dwarf;
				ENABLE_STRICT_OBJC_MSGSEND = YES;
				ENABLE_TESTABILITY = YES;
				GCC_C_LANGUAGE_STANDARD = gnu99;
				GCC_DYNAMIC_NO_PIC = NO;
				GCC_NO_COMMON_BLOCKS = YES;
				GCC_OPTIMIZATION_LEVEL = 0;
				GCC_PREPROCESSOR_DEFINITIONS = (
					"DEBUG=1",
					"$(inherited)",
				);
				GCC_WARN_64_TO_32_BIT_CONVERSION = YES;
				GCC_WARN_ABOUT_RETURN_TYPE = YES_ERROR;
				GCC_WARN_UNDECLARED_SELECTOR = YES;
				GCC_WARN_UNINITIALIZED_AUTOS = YES_AGGRESSIVE;
				GCC_WARN_UNUSED_FUNCTION = YES;
				GCC_WARN_UNUSED_VARIABLE = YES;
				IPHONEOS_DEPLOYMENT_TARGET = 9.2;
				MTL_ENABLE_DEBUG_INFO = YES;
				ONLY_ACTIVE_ARCH = YES;
				SDKROOT = iphoneos;
				SWIFT_OPTIMIZATION_LEVEL = "-Onone";
				TARGETED_DEVICE_FAMILY = "1,2";
			};
			name = Debug;
		};
		2AC4D2481C2F1DF400B2D76B /* Release */ = {
			isa = XCBuildConfiguration;
			buildSettings = {
				ALWAYS_SEARCH_USER_PATHS = NO;
				CLANG_CXX_LANGUAGE_STANDARD = "gnu++0x";
				CLANG_CXX_LIBRARY = "libc++";
				CLANG_ENABLE_MODULES = YES;
				CLANG_ENABLE_OBJC_ARC = YES;
				CLANG_WARN_BOOL_CONVERSION = YES;
				CLANG_WARN_CONSTANT_CONVERSION = YES;
				CLANG_WARN_DIRECT_OBJC_ISA_USAGE = YES_ERROR;
				CLANG_WARN_EMPTY_BODY = YES;
				CLANG_WARN_ENUM_CONVERSION = YES;
				CLANG_WARN_INT_CONVERSION = YES;
				CLANG_WARN_OBJC_ROOT_CLASS = YES_ERROR;
				CLANG_WARN_UNREACHABLE_CODE = YES;
				CLANG_WARN__DUPLICATE_METHOD_MATCH = YES;
				"CODE_SIGN_IDENTITY[sdk=iphoneos*]" = "iPhone Developer";
				COPY_PHASE_STRIP = NO;
				DEBUG_INFORMATION_FORMAT = "dwarf-with-dsym";
				ENABLE_NS_ASSERTIONS = NO;
				ENABLE_STRICT_OBJC_MSGSEND = YES;
				GCC_C_LANGUAGE_STANDARD = gnu99;
				GCC_NO_COMMON_BLOCKS = YES;
				GCC_WARN_64_TO_32_BIT_CONVERSION = YES;
				GCC_WARN_ABOUT_RETURN_TYPE = YES_ERROR;
				GCC_WARN_UNDECLARED_SELECTOR = YES;
				GCC_WARN_UNINITIALIZED_AUTOS = YES_AGGRESSIVE;
				GCC_WARN_UNUSED_FUNCTION = YES;
				GCC_WARN_UNUSED_VARIABLE = YES;
				IPHONEOS_DEPLOYMENT_TARGET = 9.2;
				MTL_ENABLE_DEBUG_INFO = NO;
				SDKROOT = iphoneos;
				TARGETED_DEVICE_FAMILY = "1,2";
				VALIDATE_PRODUCT = YES;
			};
			name = Release;
		};
		2AC4D24A1C2F1DF400B2D76B /* Debug */ = {
			isa = XCBuildConfiguration;
			buildSettings = {
				ASSETCATALOG_COMPILER_APPICON_NAME = AppIcon;
				CODE_SIGN_ENTITLEMENTS = CZRallyOdoComputer/CZRallyOdoComputer.entitlements;
				CODE_SIGN_IDENTITY = "iPhone Developer";
				"CODE_SIGN_IDENTITY[sdk=iphoneos*]" = "iPhone Developer";
				INFOPLIST_FILE = CZRallyOdoComputer/Info.plist;
				IPHONEOS_DEPLOYMENT_TARGET = 9.2;
				LD_RUNPATH_SEARCH_PATHS = "$(inherited) @executable_path/Frameworks";
				PRODUCT_BUNDLE_IDENTIFIER = com.cwestberg.rally.CZRallyOdoComputer;
				PRODUCT_NAME = "$(TARGET_NAME)";
				PROVISIONING_PROFILE = "";
			};
			name = Debug;
		};
		2AC4D24B1C2F1DF400B2D76B /* Release */ = {
			isa = XCBuildConfiguration;
			buildSettings = {
				ASSETCATALOG_COMPILER_APPICON_NAME = AppIcon;
				CODE_SIGN_ENTITLEMENTS = CZRallyOdoComputer/CZRallyOdoComputer.entitlements;
				CODE_SIGN_IDENTITY = "iPhone Developer";
				"CODE_SIGN_IDENTITY[sdk=iphoneos*]" = "iPhone Developer";
				INFOPLIST_FILE = CZRallyOdoComputer/Info.plist;
				IPHONEOS_DEPLOYMENT_TARGET = 9.2;
				LD_RUNPATH_SEARCH_PATHS = "$(inherited) @executable_path/Frameworks";
				PRODUCT_BUNDLE_IDENTIFIER = com.cwestberg.rally.CZRallyOdoComputer;
				PRODUCT_NAME = "$(TARGET_NAME)";
				PROVISIONING_PROFILE = "";
			};
			name = Release;
		};
		2AC4D24D1C2F1DF400B2D76B /* Debug */ = {
			isa = XCBuildConfiguration;
			buildSettings = {
				BUNDLE_LOADER = "$(TEST_HOST)";
				INFOPLIST_FILE = CZRallyOdoComputerTests/Info.plist;
				LD_RUNPATH_SEARCH_PATHS = "$(inherited) @executable_path/Frameworks @loader_path/Frameworks";
				PRODUCT_BUNDLE_IDENTIFIER = com.cwestberg.rally.CZRallyOdoComputerTests;
				PRODUCT_NAME = "$(TARGET_NAME)";
				TEST_HOST = "$(BUILT_PRODUCTS_DIR)/CZRallyOdoComputer.app/CZRallyOdoComputer";
			};
			name = Debug;
		};
		2AC4D24E1C2F1DF400B2D76B /* Release */ = {
			isa = XCBuildConfiguration;
			buildSettings = {
				BUNDLE_LOADER = "$(TEST_HOST)";
				INFOPLIST_FILE = CZRallyOdoComputerTests/Info.plist;
				LD_RUNPATH_SEARCH_PATHS = "$(inherited) @executable_path/Frameworks @loader_path/Frameworks";
				PRODUCT_BUNDLE_IDENTIFIER = com.cwestberg.rally.CZRallyOdoComputerTests;
				PRODUCT_NAME = "$(TARGET_NAME)";
				TEST_HOST = "$(BUILT_PRODUCTS_DIR)/CZRallyOdoComputer.app/CZRallyOdoComputer";
			};
			name = Release;
		};
		2AC4D2501C2F1DF400B2D76B /* Debug */ = {
			isa = XCBuildConfiguration;
			buildSettings = {
				INFOPLIST_FILE = CZRallyOdoComputerUITests/Info.plist;
				LD_RUNPATH_SEARCH_PATHS = "$(inherited) @executable_path/Frameworks @loader_path/Frameworks";
				PRODUCT_BUNDLE_IDENTIFIER = com.cwestberg.rally.CZRallyOdoComputerUITests;
				PRODUCT_NAME = "$(TARGET_NAME)";
				TEST_TARGET_NAME = CZRallyOdoComputer;
				USES_XCTRUNNER = YES;
			};
			name = Debug;
		};
		2AC4D2511C2F1DF400B2D76B /* Release */ = {
			isa = XCBuildConfiguration;
			buildSettings = {
				INFOPLIST_FILE = CZRallyOdoComputerUITests/Info.plist;
				LD_RUNPATH_SEARCH_PATHS = "$(inherited) @executable_path/Frameworks @loader_path/Frameworks";
				PRODUCT_BUNDLE_IDENTIFIER = com.cwestberg.rally.CZRallyOdoComputerUITests;
				PRODUCT_NAME = "$(TARGET_NAME)";
				TEST_TARGET_NAME = CZRallyOdoComputer;
				USES_XCTRUNNER = YES;
			};
			name = Release;
		};
/* End XCBuildConfiguration section */

/* Begin XCConfigurationList section */
		2AC4D2191C2F1DF400B2D76B /* Build configuration list for PBXProject "CZRallyOdoComputer" */ = {
			isa = XCConfigurationList;
			buildConfigurations = (
				2AC4D2471C2F1DF400B2D76B /* Debug */,
				2AC4D2481C2F1DF400B2D76B /* Release */,
			);
			defaultConfigurationIsVisible = 0;
			defaultConfigurationName = Release;
		};
		2AC4D2491C2F1DF400B2D76B /* Build configuration list for PBXNativeTarget "CZRallyOdoComputer" */ = {
			isa = XCConfigurationList;
			buildConfigurations = (
				2AC4D24A1C2F1DF400B2D76B /* Debug */,
				2AC4D24B1C2F1DF400B2D76B /* Release */,
			);
			defaultConfigurationIsVisible = 0;
			defaultConfigurationName = Release;
		};
		2AC4D24C1C2F1DF400B2D76B /* Build configuration list for PBXNativeTarget "CZRallyOdoComputerTests" */ = {
			isa = XCConfigurationList;
			buildConfigurations = (
				2AC4D24D1C2F1DF400B2D76B /* Debug */,
				2AC4D24E1C2F1DF400B2D76B /* Release */,
			);
			defaultConfigurationIsVisible = 0;
			defaultConfigurationName = Release;
		};
		2AC4D24F1C2F1DF400B2D76B /* Build configuration list for PBXNativeTarget "CZRallyOdoComputerUITests" */ = {
			isa = XCConfigurationList;
			buildConfigurations = (
				2AC4D2501C2F1DF400B2D76B /* Debug */,
				2AC4D2511C2F1DF400B2D76B /* Release */,
			);
			defaultConfigurationIsVisible = 0;
			defaultConfigurationName = Release;
		};
/* End XCConfigurationList section */

/* Begin XCVersionGroup section */
		2AC4D2281C2F1DF400B2D76B /* CZRallyOdoComputer.xcdatamodeld */ = {
			isa = XCVersionGroup;
			children = (
				2AC4D2291C2F1DF400B2D76B /* CZRallyOdoComputer.xcdatamodel */,
			);
			currentVersion = 2AC4D2291C2F1DF400B2D76B /* CZRallyOdoComputer.xcdatamodel */;
			path = CZRallyOdoComputer.xcdatamodeld;
			sourceTree = "<group>";
			versionGroupType = wrapper.xcdatamodel;
		};
/* End XCVersionGroup section */
	};
	rootObject = 2AC4D2161C2F1DF400B2D76B /* Project object */;
}
